
Microsoft Visual Studio Solution File, Format Version 12.00
# Visual Studio Version 16
VisualStudioVersion = 16.0.29709.97
MinimumVisualStudioVersion = 10.0.40219.1
Project("{9A19103F-16F7-4668-BE54-9A1E7A4F7556}") = "ConsoleCalculator", "ConsoleCalculator.csproj", "{5597C2AC-A662-4348-99EF-8EA531F7A710}"
EndProject
Project("{FAE04EC0-301F-11D3-BF4B-00C04F79EFBC}") = "ConsoleCalculator.Tests.MSTest", "..\ConsoleCalculator.Tests.MSTest\ConsoleCalculator.Tests.MSTest.csproj", "{E644D1FB-45D4-4322-A926-05518D72159D}"
EndProject
Project("{FAE04EC0-301F-11D3-BF4B-00C04F79EFBC}") = "ConsoleCalculator.Tests.NUnit", "..\ConsoleCalculator.Tests.NUnit\ConsoleCalculator.Tests.NUnit.csproj", "{B05E8FD6-F65C-4626-B49F-EAF9B88033C9}"
EndProject
Project("{FAE04EC0-301F-11D3-BF4B-00C04F79EFBC}") = "ConsoleCalculator.Tests.XUnit", "..\ConsoleCalculator.Tests.XUnit\ConsoleCalculator.Tests.XUnit.csproj", "{9216196E-2FA6-4E30-9206-70A17203E7B8}"
EndProject
Global
	GlobalSection(SolutionConfigurationPlatforms) = preSolution
		Debug|Any CPU = Debug|Any CPU
		Release|Any CPU = Release|Any CPU
	EndGlobalSection
	GlobalSection(ProjectConfigurationPlatforms) = postSolution
		{5597C2AC-A662-4348-99EF-8EA531F7A710}.Debug|Any CPU.ActiveCfg = Debug|Any CPU
		{5597C2AC-A662-4348-99EF-8EA531F7A710}.Debug|Any CPU.Build.0 = Debug|Any CPU
		{5597C2AC-A662-4348-99EF-8EA531F7A710}.Release|Any CPU.ActiveCfg = Release|Any CPU
		{5597C2AC-A662-4348-99EF-8EA531F7A710}.Release|Any CPU.Build.0 = Release|Any CPU
		{E644D1FB-45D4-4322-A926-05518D72159D}.Debug|Any CPU.ActiveCfg = Debug|Any CPU
		{E644D1FB-45D4-4322-A926-05518D72159D}.Debug|Any CPU.Build.0 = Debug|Any CPU
		{E644D1FB-45D4-4322-A926-05518D72159D}.Release|Any CPU.ActiveCfg = Release|Any CPU
		{E644D1FB-45D4-4322-A926-05518D72159D}.Release|Any CPU.Build.0 = Release|Any CPU
		{B05E8FD6-F65C-4626-B49F-EAF9B88033C9}.Debug|Any CPU.ActiveCfg = Debug|Any CPU
		{B05E8FD6-F65C-4626-B49F-EAF9B88033C9}.Debug|Any CPU.Build.0 = Debug|Any CPU
		{B05E8FD6-F65C-4626-B49F-EAF9B88033C9}.Release|Any CPU.ActiveCfg = Release|Any CPU
		{B05E8FD6-F65C-4626-B49F-EAF9B88033C9}.Release|Any CPU.Build.0 = Release|Any CPU
		{9216196E-2FA6-4E30-9206-70A17203E7B8}.Debug|Any CPU.ActiveCfg = Debug|Any CPU
		{9216196E-2FA6-4E30-9206-70A17203E7B8}.Debug|Any CPU.Build.0 = Debug|Any CPU
		{9216196E-2FA6-4E30-9206-70A17203E7B8}.Release|Any CPU.ActiveCfg = Release|Any CPU
		{9216196E-2FA6-4E30-9206-70A17203E7B8}.Release|Any CPU.Build.0 = Release|Any CPU
	EndGlobalSection
	GlobalSection(SolutionProperties) = preSolution
		HideSolutionNode = FALSE
	EndGlobalSection
	GlobalSection(ExtensibilityGlobals) = postSolution
		SolutionGuid = {70C61AA5-2057-4DA2-96BB-1948511CC106}
	EndGlobalSection
EndGlobal
